// !$*UTF8*$!
{
	archiveVersion = 1;
	classes = {
	};
	objectVersion = 46;
	objects = {

/* Begin PBXBuildFile section */
		8C787C421DAD7140001F656C /* 14ers.json in Resources */ = {isa = PBXBuildFile; fileRef = 8C787C411DAD7140001F656C /* 14ers.json */; };
		8CF7F5561DA6EA8E0021CDE6 /* AppDelegate.swift in Sources */ = {isa = PBXBuildFile; fileRef = 8CF7F5551DA6EA8E0021CDE6 /* AppDelegate.swift */; };
		8CF7F5581DA6EA8E0021CDE6 /* ViewController.swift in Sources */ = {isa = PBXBuildFile; fileRef = 8CF7F5571DA6EA8E0021CDE6 /* ViewController.swift */; };
		8CF7F55B1DA6EA8E0021CDE6 /* Main.storyboard in Resources */ = {isa = PBXBuildFile; fileRef = 8CF7F5591DA6EA8E0021CDE6 /* Main.storyboard */; };
		8CF7F55E1DA6EA8E0021CDE6 /* _4er.xcdatamodeld in Sources */ = {isa = PBXBuildFile; fileRef = 8CF7F55C1DA6EA8E0021CDE6 /* _4er.xcdatamodeld */; };
		8CF7F5601DA6EA8E0021CDE6 /* Assets.xcassets in Resources */ = {isa = PBXBuildFile; fileRef = 8CF7F55F1DA6EA8E0021CDE6 /* Assets.xcassets */; };
		8CF7F5631DA6EA8E0021CDE6 /* LaunchScreen.storyboard in Resources */ = {isa = PBXBuildFile; fileRef = 8CF7F5611DA6EA8E0021CDE6 /* LaunchScreen.storyboard */; };
		8CF7F56E1DA6EA8E0021CDE6 /* _4erTests.swift in Sources */ = {isa = PBXBuildFile; fileRef = 8CF7F56D1DA6EA8E0021CDE6 /* _4erTests.swift */; };
		8CF7F5791DA6EA8E0021CDE6 /* _4erUITests.swift in Sources */ = {isa = PBXBuildFile; fileRef = 8CF7F5781DA6EA8E0021CDE6 /* _4erUITests.swift */; };
		8CF7F58E1DA6F7A60021CDE6 /* README.md in Sources */ = {isa = PBXBuildFile; fileRef = 8CF7F58D1DA6F7A60021CDE6 /* README.md */; };
/* End PBXBuildFile section */

/* Begin PBXContainerItemProxy section */
		8CF7F56A1DA6EA8E0021CDE6 /* PBXContainerItemProxy */ = {
			isa = PBXContainerItemProxy;
			containerPortal = 8CF7F54A1DA6EA8E0021CDE6 /* Project object */;
			proxyType = 1;
			remoteGlobalIDString = 8CF7F5511DA6EA8E0021CDE6;
			remoteInfo = 14er;
		};
		8CF7F5751DA6EA8E0021CDE6 /* PBXContainerItemProxy */ = {
			isa = PBXContainerItemProxy;
			containerPortal = 8CF7F54A1DA6EA8E0021CDE6 /* Project object */;
			proxyType = 1;
			remoteGlobalIDString = 8CF7F5511DA6EA8E0021CDE6;
			remoteInfo = 14er;
		};
/* End PBXContainerItemProxy section */

/* Begin PBXFileReference section */
		8C787C411DAD7140001F656C /* 14ers.json */ = {isa = PBXFileReference; fileEncoding = 4; lastKnownFileType = text.json; path = 14ers.json; sourceTree = "<group>"; };
		8CF7F5521DA6EA8E0021CDE6 /* 14er.app */ = {isa = PBXFileReference; explicitFileType = wrapper.application; includeInIndex = 0; path = 14er.app; sourceTree = BUILT_PRODUCTS_DIR; };
		8CF7F5551DA6EA8E0021CDE6 /* AppDelegate.swift */ = {isa = PBXFileReference; lastKnownFileType = sourcecode.swift; path = AppDelegate.swift; sourceTree = "<group>"; };
		8CF7F5571DA6EA8E0021CDE6 /* ViewController.swift */ = {isa = PBXFileReference; lastKnownFileType = sourcecode.swift; path = ViewController.swift; sourceTree = "<group>"; };
		8CF7F55A1DA6EA8E0021CDE6 /* Base */ = {isa = PBXFileReference; lastKnownFileType = file.storyboard; name = Base; path = Base.lproj/Main.storyboard; sourceTree = "<group>"; };
		8CF7F55D1DA6EA8E0021CDE6 /* _4er.xcdatamodel */ = {isa = PBXFileReference; lastKnownFileType = wrapper.xcdatamodel; path = _4er.xcdatamodel; sourceTree = "<group>"; };
		8CF7F55F1DA6EA8E0021CDE6 /* Assets.xcassets */ = {isa = PBXFileReference; lastKnownFileType = folder.assetcatalog; path = Assets.xcassets; sourceTree = "<group>"; };
		8CF7F5621DA6EA8E0021CDE6 /* Base */ = {isa = PBXFileReference; lastKnownFileType = file.storyboard; name = Base; path = Base.lproj/LaunchScreen.storyboard; sourceTree = "<group>"; };
		8CF7F5641DA6EA8E0021CDE6 /* Info.plist */ = {isa = PBXFileReference; lastKnownFileType = text.plist.xml; path = Info.plist; sourceTree = "<group>"; };
		8CF7F5691DA6EA8E0021CDE6 /* 14erTests.xctest */ = {isa = PBXFileReference; explicitFileType = wrapper.cfbundle; includeInIndex = 0; path = 14erTests.xctest; sourceTree = BUILT_PRODUCTS_DIR; };
		8CF7F56D1DA6EA8E0021CDE6 /* _4erTests.swift */ = {isa = PBXFileReference; lastKnownFileType = sourcecode.swift; path = _4erTests.swift; sourceTree = "<group>"; };
		8CF7F56F1DA6EA8E0021CDE6 /* Info.plist */ = {isa = PBXFileReference; lastKnownFileType = text.plist.xml; path = Info.plist; sourceTree = "<group>"; };
		8CF7F5741DA6EA8E0021CDE6 /* 14erUITests.xctest */ = {isa = PBXFileReference; explicitFileType = wrapper.cfbundle; includeInIndex = 0; path = 14erUITests.xctest; sourceTree = BUILT_PRODUCTS_DIR; };
		8CF7F5781DA6EA8E0021CDE6 /* _4erUITests.swift */ = {isa = PBXFileReference; lastKnownFileType = sourcecode.swift; path = _4erUITests.swift; sourceTree = "<group>"; };
		8CF7F57A1DA6EA8E0021CDE6 /* Info.plist */ = {isa = PBXFileReference; lastKnownFileType = text.plist.xml; path = Info.plist; sourceTree = "<group>"; };
		8CF7F58D1DA6F7A60021CDE6 /* README.md */ = {isa = PBXFileReference; fileEncoding = 4; lastKnownFileType = net.daringfireball.markdown; path = README.md; sourceTree = "<group>"; };
/* End PBXFileReference section */

/* Begin PBXFrameworksBuildPhase section */
		8CF7F54F1DA6EA8E0021CDE6 /* Frameworks */ = {
			isa = PBXFrameworksBuildPhase;
			buildActionMask = 2147483647;
			files = (
			);
			runOnlyForDeploymentPostprocessing = 0;
		};
		8CF7F5661DA6EA8E0021CDE6 /* Frameworks */ = {
			isa = PBXFrameworksBuildPhase;
			buildActionMask = 2147483647;
			files = (
			);
			runOnlyForDeploymentPostprocessing = 0;
		};
		8CF7F5711DA6EA8E0021CDE6 /* Frameworks */ = {
			isa = PBXFrameworksBuildPhase;
			buildActionMask = 2147483647;
			files = (
			);
			runOnlyForDeploymentPostprocessing = 0;
		};
/* End PBXFrameworksBuildPhase section */

/* Begin PBXGroup section */
		8CF7F5491DA6EA8E0021CDE6 = {
			isa = PBXGroup;
			children = (
				8CF7F5541DA6EA8E0021CDE6 /* 14er */,
				8CF7F56C1DA6EA8E0021CDE6 /* 14erTests */,
				8CF7F5771DA6EA8E0021CDE6 /* 14erUITests */,
				8CF7F5531DA6EA8E0021CDE6 /* Products */,
			);
			sourceTree = "<group>";
		};
		8CF7F5531DA6EA8E0021CDE6 /* Products */ = {
			isa = PBXGroup;
			children = (
				8CF7F5521DA6EA8E0021CDE6 /* 14er.app */,
				8CF7F5691DA6EA8E0021CDE6 /* 14erTests.xctest */,
				8CF7F5741DA6EA8E0021CDE6 /* 14erUITests.xctest */,
			);
			name = Products;
			sourceTree = "<group>";
		};
		8CF7F5541DA6EA8E0021CDE6 /* 14er */ = {
			isa = PBXGroup;
			children = (
				8CF7F5891DA6F3E40021CDE6 /* Controller */,
				8CF7F5881DA6F3DE0021CDE6 /* Model */,
				8CF7F5871DA6F3CF0021CDE6 /* View */,
				8CF7F58A1DA6F4120021CDE6 /* Other */,
				8CF7F5861DA6F3BF0021CDE6 /* Resources */,
			);
			path = 14er;
			sourceTree = "<group>";
		};
		8CF7F56C1DA6EA8E0021CDE6 /* 14erTests */ = {
			isa = PBXGroup;
			children = (
				8CF7F56D1DA6EA8E0021CDE6 /* _4erTests.swift */,
				8CF7F56F1DA6EA8E0021CDE6 /* Info.plist */,
			);
			path = 14erTests;
			sourceTree = "<group>";
		};
		8CF7F5771DA6EA8E0021CDE6 /* 14erUITests */ = {
			isa = PBXGroup;
			children = (
				8CF7F5781DA6EA8E0021CDE6 /* _4erUITests.swift */,
				8CF7F57A1DA6EA8E0021CDE6 /* Info.plist */,
			);
			path = 14erUITests;
			sourceTree = "<group>";
		};
		8CF7F5861DA6F3BF0021CDE6 /* Resources */ = {
			isa = PBXGroup;
			children = (
				8CF7F55F1DA6EA8E0021CDE6 /* Assets.xcassets */,
				8C787C411DAD7140001F656C /* 14ers.json */,
			);
			name = Resources;
			sourceTree = "<group>";
		};
		8CF7F5871DA6F3CF0021CDE6 /* View */ = {
			isa = PBXGroup;
			children = (
				8CF7F58C1DA6F42E0021CDE6 /* Storyboard */,
				8CF7F58B1DA6F4220021CDE6 /* ViewControllers */,
			);
			name = View;
			sourceTree = "<group>";
		};
		8CF7F5881DA6F3DE0021CDE6 /* Model */ = {
			isa = PBXGroup;
			children = (
				8CF7F55C1DA6EA8E0021CDE6 /* _4er.xcdatamodeld */,
			);
			name = Model;
			sourceTree = "<group>";
		};
		8CF7F5891DA6F3E40021CDE6 /* Controller */ = {
			isa = PBXGroup;
			children = (
			);
			name = Controller;
			sourceTree = "<group>";
		};
		8CF7F58A1DA6F4120021CDE6 /* Other */ = {
			isa = PBXGroup;
			children = (
				8CF7F58D1DA6F7A60021CDE6 /* README.md */,
				8CF7F5641DA6EA8E0021CDE6 /* Info.plist */,
				8CF7F5551DA6EA8E0021CDE6 /* AppDelegate.swift */,
			);
			name = Other;
			sourceTree = "<group>";
		};
		8CF7F58B1DA6F4220021CDE6 /* ViewControllers */ = {
			isa = PBXGroup;
			children = (
				8CF7F5571DA6EA8E0021CDE6 /* ViewController.swift */,
			);
			name = ViewControllers;
			sourceTree = "<group>";
		};
		8CF7F58C1DA6F42E0021CDE6 /* Storyboard */ = {
			isa = PBXGroup;
			children = (
				8CF7F5591DA6EA8E0021CDE6 /* Main.storyboard */,
				8CF7F5611DA6EA8E0021CDE6 /* LaunchScreen.storyboard */,
			);
			name = Storyboard;
			sourceTree = "<group>";
		};
/* End PBXGroup section */

/* Begin PBXNativeTarget section */
		8CF7F5511DA6EA8E0021CDE6 /* 14er */ = {
			isa = PBXNativeTarget;
			buildConfigurationList = 8CF7F57D1DA6EA8E0021CDE6 /* Build configuration list for PBXNativeTarget "14er" */;
			buildPhases = (
				8CF7F54E1DA6EA8E0021CDE6 /* Sources */,
				8CF7F54F1DA6EA8E0021CDE6 /* Frameworks */,
				8CF7F5501DA6EA8E0021CDE6 /* Resources */,
			);
			buildRules = (
			);
			dependencies = (
			);
			name = 14er;
			productName = 14er;
			productReference = 8CF7F5521DA6EA8E0021CDE6 /* 14er.app */;
			productType = "com.apple.product-type.application";
		};
		8CF7F5681DA6EA8E0021CDE6 /* 14erTests */ = {
			isa = PBXNativeTarget;
			buildConfigurationList = 8CF7F5801DA6EA8E0021CDE6 /* Build configuration list for PBXNativeTarget "14erTests" */;
			buildPhases = (
				8CF7F5651DA6EA8E0021CDE6 /* Sources */,
				8CF7F5661DA6EA8E0021CDE6 /* Frameworks */,
				8CF7F5671DA6EA8E0021CDE6 /* Resources */,
			);
			buildRules = (
			);
			dependencies = (
				8CF7F56B1DA6EA8E0021CDE6 /* PBXTargetDependency */,
			);
			name = 14erTests;
			productName = 14erTests;
			productReference = 8CF7F5691DA6EA8E0021CDE6 /* 14erTests.xctest */;
			productType = "com.apple.product-type.bundle.unit-test";
		};
		8CF7F5731DA6EA8E0021CDE6 /* 14erUITests */ = {
			isa = PBXNativeTarget;
			buildConfigurationList = 8CF7F5831DA6EA8E0021CDE6 /* Build configuration list for PBXNativeTarget "14erUITests" */;
			buildPhases = (
				8CF7F5701DA6EA8E0021CDE6 /* Sources */,
				8CF7F5711DA6EA8E0021CDE6 /* Frameworks */,
				8CF7F5721DA6EA8E0021CDE6 /* Resources */,
			);
			buildRules = (
			);
			dependencies = (
				8CF7F5761DA6EA8E0021CDE6 /* PBXTargetDependency */,
			);
			name = 14erUITests;
			productName = 14erUITests;
			productReference = 8CF7F5741DA6EA8E0021CDE6 /* 14erUITests.xctest */;
			productType = "com.apple.product-type.bundle.ui-testing";
		};
/* End PBXNativeTarget section */

/* Begin PBXProject section */
		8CF7F54A1DA6EA8E0021CDE6 /* Project object */ = {
			isa = PBXProject;
			attributes = {
				LastSwiftUpdateCheck = 0800;
				LastUpgradeCheck = 0800;
				ORGANIZATIONNAME = nay;
				TargetAttributes = {
					8CF7F5511DA6EA8E0021CDE6 = {
						CreatedOnToolsVersion = 8.0;
						DevelopmentTeam = CF4F3Y3JFY;
						ProvisioningStyle = Automatic;
					};
					8CF7F5681DA6EA8E0021CDE6 = {
						CreatedOnToolsVersion = 8.0;
						DevelopmentTeam = 32GKXCFER2;
						ProvisioningStyle = Automatic;
						TestTargetID = 8CF7F5511DA6EA8E0021CDE6;
					};
					8CF7F5731DA6EA8E0021CDE6 = {
						CreatedOnToolsVersion = 8.0;
						DevelopmentTeam = 32GKXCFER2;
						ProvisioningStyle = Automatic;
						TestTargetID = 8CF7F5511DA6EA8E0021CDE6;
					};
				};
			};
			buildConfigurationList = 8CF7F54D1DA6EA8E0021CDE6 /* Build configuration list for PBXProject "14er" */;
			compatibilityVersion = "Xcode 3.2";
			developmentRegion = English;
			hasScannedForEncodings = 0;
			knownRegions = (
				en,
				Base,
			);
			mainGroup = 8CF7F5491DA6EA8E0021CDE6;
			productRefGroup = 8CF7F5531DA6EA8E0021CDE6 /* Products */;
			projectDirPath = "";
			projectRoot = "";
			targets = (
				8CF7F5511DA6EA8E0021CDE6 /* 14er */,
				8CF7F5681DA6EA8E0021CDE6 /* 14erTests */,
				8CF7F5731DA6EA8E0021CDE6 /* 14erUITests */,
			);
		};
/* End PBXProject section */

/* Begin PBXResourcesBuildPhase section */
		8CF7F5501DA6EA8E0021CDE6 /* Resources */ = {
			isa = PBXResourcesBuildPhase;
			buildActionMask = 2147483647;
			files = (
				8CF7F5631DA6EA8E0021CDE6 /* LaunchScreen.storyboard in Resources */,
				8C787C421DAD7140001F656C /* 14ers.json in Resources */,
				8CF7F5601DA6EA8E0021CDE6 /* Assets.xcassets in Resources */,
				8CF7F55B1DA6EA8E0021CDE6 /* Main.storyboard in Resources */,
			);
			runOnlyForDeploymentPostprocessing = 0;
		};
		8CF7F5671DA6EA8E0021CDE6 /* Resources */ = {
			isa = PBXResourcesBuildPhase;
			buildActionMask = 2147483647;
			files = (
			);
			runOnlyForDeploymentPostprocessing = 0;
		};
		8CF7F5721DA6EA8E0021CDE6 /* Resources */ = {
			isa = PBXResourcesBuildPhase;
			buildActionMask = 2147483647;
			files = (
			);
			runOnlyForDeploymentPostprocessing = 0;
		};
/* End PBXResourcesBuildPhase section */

/* Begin PBXSourcesBuildPhase section */
		8CF7F54E1DA6EA8E0021CDE6 /* Sources */ = {
			isa = PBXSourcesBuildPhase;
			buildActionMask = 2147483647;
			files = (
				8CF7F55E1DA6EA8E0021CDE6 /* _4er.xcdatamodeld in Sources */,
				8CF7F5581DA6EA8E0021CDE6 /* ViewController.swift in Sources */,
				8CF7F58E1DA6F7A60021CDE6 /* README.md in Sources */,
				8CF7F5561DA6EA8E0021CDE6 /* AppDelegate.swift in Sources */,
			);
			runOnlyForDeploymentPostprocessing = 0;
		};
		8CF7F5651DA6EA8E0021CDE6 /* Sources */ = {
			isa = PBXSourcesBuildPhase;
			buildActionMask = 2147483647;
			files = (
				8CF7F56E1DA6EA8E0021CDE6 /* _4erTests.swift in Sources */,
			);
			runOnlyForDeploymentPostprocessing = 0;
		};
		8CF7F5701DA6EA8E0021CDE6 /* Sources */ = {
			isa = PBXSourcesBuildPhase;
			buildActionMask = 2147483647;
			files = (
				8CF7F5791DA6EA8E0021CDE6 /* _4erUITests.swift in Sources */,
			);
			runOnlyForDeploymentPostprocessing = 0;
		};
/* End PBXSourcesBuildPhase section */

/* Begin PBXTargetDependency section */
		8CF7F56B1DA6EA8E0021CDE6 /* PBXTargetDependency */ = {
			isa = PBXTargetDependency;
			target = 8CF7F5511DA6EA8E0021CDE6 /* 14er */;
			targetProxy = 8CF7F56A1DA6EA8E0021CDE6 /* PBXContainerItemProxy */;
		};
		8CF7F5761DA6EA8E0021CDE6 /* PBXTargetDependency */ = {
			isa = PBXTargetDependency;
			target = 8CF7F5511DA6EA8E0021CDE6 /* 14er */;
			targetProxy = 8CF7F5751DA6EA8E0021CDE6 /* PBXContainerItemProxy */;
		};
/* End PBXTargetDependency section */

/* Begin PBXVariantGroup section */
		8CF7F5591DA6EA8E0021CDE6 /* Main.storyboard */ = {
			isa = PBXVariantGroup;
			children = (
				8CF7F55A1DA6EA8E0021CDE6 /* Base */,
			);
			name = Main.storyboard;
			sourceTree = "<group>";
		};
		8CF7F5611DA6EA8E0021CDE6 /* LaunchScreen.storyboard */ = {
			isa = PBXVariantGroup;
			children = (
				8CF7F5621DA6EA8E0021CDE6 /* Base */,
			);
			name = LaunchScreen.storyboard;
			sourceTree = "<group>";
		};
/* End PBXVariantGroup section */

/* Begin XCBuildConfiguration section */
		8CF7F57B1DA6EA8E0021CDE6 /* Debug */ = {
			isa = XCBuildConfiguration;
			buildSettings = {
				ALWAYS_SEARCH_USER_PATHS = NO;
				CLANG_ANALYZER_NONNULL = YES;
				CLANG_CXX_LANGUAGE_STANDARD = "gnu++0x";
				CLANG_CXX_LIBRARY = "libc++";
				CLANG_ENABLE_MODULES = YES;
				CLANG_ENABLE_OBJC_ARC = YES;
				CLANG_WARN_BOOL_CONVERSION = YES;
				CLANG_WARN_CONSTANT_CONVERSION = YES;
				CLANG_WARN_DIRECT_OBJC_ISA_USAGE = YES_ERROR;
				CLANG_WARN_DOCUMENTATION_COMMENTS = YES;
				CLANG_WARN_EMPTY_BODY = YES;
				CLANG_WARN_ENUM_CONVERSION = YES;
				CLANG_WARN_INFINITE_RECURSION = YES;
				CLANG_WARN_INT_CONVERSION = YES;
				CLANG_WARN_OBJC_ROOT_CLASS = YES_ERROR;
				CLANG_WARN_SUSPICIOUS_MOVES = YES;
				CLANG_WARN_UNREACHABLE_CODE = YES;
				CLANG_WARN__DUPLICATE_METHOD_MATCH = YES;
				"CODE_SIGN_IDENTITY[sdk=iphoneos*]" = "iPhone Developer";
				COPY_PHASE_STRIP = NO;
				DEBUG_INFORMATION_FORMAT = dwarf;
				ENABLE_STRICT_OBJC_MSGSEND = YES;
				ENABLE_TESTABILITY = YES;
				GCC_C_LANGUAGE_STANDARD = gnu99;
				GCC_DYNAMIC_NO_PIC = NO;
				GCC_NO_COMMON_BLOCKS = YES;
				GCC_OPTIMIZATION_LEVEL = 0;
				GCC_PREPROCESSOR_DEFINITIONS = (
					"DEBUG=1",
					"$(inherited)",
				);
				GCC_WARN_64_TO_32_BIT_CONVERSION = YES;
				GCC_WARN_ABOUT_RETURN_TYPE = YES_ERROR;
				GCC_WARN_UNDECLARED_SELECTOR = YES;
				GCC_WARN_UNINITIALIZED_AUTOS = YES_AGGRESSIVE;
				GCC_WARN_UNUSED_FUNCTION = YES;
				GCC_WARN_UNUSED_VARIABLE = YES;
				IPHONEOS_DEPLOYMENT_TARGET = 10.0;
				MTL_ENABLE_DEBUG_INFO = YES;
				ONLY_ACTIVE_ARCH = YES;
				SDKROOT = iphoneos;
				SWIFT_ACTIVE_COMPILATION_CONDITIONS = DEBUG;
				SWIFT_OPTIMIZATION_LEVEL = "-Onone";
				TARGETED_DEVICE_FAMILY = "1,2";
			};
			name = Debug;
		};
		8CF7F57C1DA6EA8E0021CDE6 /* Release */ = {
			isa = XCBuildConfiguration;
			buildSettings = {
				ALWAYS_SEARCH_USER_PATHS = NO;
				CLANG_ANALYZER_NONNULL = YES;
				CLANG_CXX_LANGUAGE_STANDARD = "gnu++0x";
				CLANG_CXX_LIBRARY = "libc++";
				CLANG_ENABLE_MODULES = YES;
				CLANG_ENABLE_OBJC_ARC = YES;
				CLANG_WARN_BOOL_CONVERSION = YES;
				CLANG_WARN_CONSTANT_CONVERSION = YES;
				CLANG_WARN_DIRECT_OBJC_ISA_USAGE = YES_ERROR;
				CLANG_WARN_DOCUMENTATION_COMMENTS = YES;
				CLANG_WARN_EMPTY_BODY = YES;
				CLANG_WARN_ENUM_CONVERSION = YES;
				CLANG_WARN_INFINITE_RECURSION = YES;
				CLANG_WARN_INT_CONVERSION = YES;
				CLANG_WARN_OBJC_ROOT_CLASS = YES_ERROR;
				CLANG_WARN_SUSPICIOUS_MOVES = YES;
				CLANG_WARN_UNREACHABLE_CODE = YES;
				CLANG_WARN__DUPLICATE_METHOD_MATCH = YES;
				"CODE_SIGN_IDENTITY[sdk=iphoneos*]" = "iPhone Developer";
				COPY_PHASE_STRIP = NO;
				DEBUG_INFORMATION_FORMAT = "dwarf-with-dsym";
				ENABLE_NS_ASSERTIONS = NO;
				ENABLE_STRICT_OBJC_MSGSEND = YES;
				GCC_C_LANGUAGE_STANDARD = gnu99;
				GCC_NO_COMMON_BLOCKS = YES;
				GCC_WARN_64_TO_32_BIT_CONVERSION = YES;
				GCC_WARN_ABOUT_RETURN_TYPE = YES_ERROR;
				GCC_WARN_UNDECLARED_SELECTOR = YES;
				GCC_WARN_UNINITIALIZED_AUTOS = YES_AGGRESSIVE;
				GCC_WARN_UNUSED_FUNCTION = YES;
				GCC_WARN_UNUSED_VARIABLE = YES;
				IPHONEOS_DEPLOYMENT_TARGET = 10.0;
				MTL_ENABLE_DEBUG_INFO = NO;
				SDKROOT = iphoneos;
				SWIFT_OPTIMIZATION_LEVEL = "-Owholemodule";
				TARGETED_DEVICE_FAMILY = "1,2";
				VALIDATE_PRODUCT = YES;
			};
			name = Release;
		};
		8CF7F57E1DA6EA8E0021CDE6 /* Debug */ = {
			isa = XCBuildConfiguration;
			buildSettings = {
				ASSETCATALOG_COMPILER_APPICON_NAME = AppIcon;
				DEVELOPMENT_TEAM = CF4F3Y3JFY;
				INFOPLIST_FILE = 14er/Info.plist;
				LD_RUNPATH_SEARCH_PATHS = "$(inherited) @executable_path/Frameworks";
				PRODUCT_BUNDLE_IDENTIFIER = com.nay.14er;
				PRODUCT_NAME = "$(TARGET_NAME)";
				SWIFT_VERSION = 3.0;
			};
			name = Debug;
		};
		8CF7F57F1DA6EA8E0021CDE6 /* Release */ = {
			isa = XCBuildConfiguration;
			buildSettings = {
				ASSETCATALOG_COMPILER_APPICON_NAME = AppIcon;
				DEVELOPMENT_TEAM = CF4F3Y3JFY;
				INFOPLIST_FILE = 14er/Info.plist;
				LD_RUNPATH_SEARCH_PATHS = "$(inherited) @executable_path/Frameworks";
				PRODUCT_BUNDLE_IDENTIFIER = com.nay.14er;
				PRODUCT_NAME = "$(TARGET_NAME)";
				SWIFT_VERSION = 3.0;
			};
			name = Release;
		};
		8CF7F5811DA6EA8E0021CDE6 /* Debug */ = {
			isa = XCBuildConfiguration;
			buildSettings = {
				ALWAYS_EMBED_SWIFT_STANDARD_LIBRARIES = YES;
				BUNDLE_LOADER = "$(TEST_HOST)";
				DEVELOPMENT_TEAM = 32GKXCFER2;
				INFOPLIST_FILE = 14erTests/Info.plist;
				LD_RUNPATH_SEARCH_PATHS = "$(inherited) @executable_path/Frameworks @loader_path/Frameworks";
				PRODUCT_BUNDLE_IDENTIFIER = "com.nay.-4erTests";
				PRODUCT_NAME = "$(TARGET_NAME)";
				SWIFT_VERSION = 3.0;
				TEST_HOST = "$(BUILT_PRODUCTS_DIR)/14er.app/14er";
			};
			name = Debug;
		};
		8CF7F5821DA6EA8E0021CDE6 /* Release */ = {
			isa = XCBuildConfiguration;
			buildSettings = {
				ALWAYS_EMBED_SWIFT_STANDARD_LIBRARIES = YES;
				BUNDLE_LOADER = "$(TEST_HOST)";
				DEVELOPMENT_TEAM = 32GKXCFER2;
				INFOPLIST_FILE = 14erTests/Info.plist;
				LD_RUNPATH_SEARCH_PATHS = "$(inherited) @executable_path/Frameworks @loader_path/Frameworks";
				PRODUCT_BUNDLE_IDENTIFIER = "com.nay.-4erTests";
				PRODUCT_NAME = "$(TARGET_NAME)";
				SWIFT_VERSION = 3.0;
				TEST_HOST = "$(BUILT_PRODUCTS_DIR)/14er.app/14er";
			};
			name = Release;
		};
		8CF7F5841DA6EA8E0021CDE6 /* Debug */ = {
			isa = XCBuildConfiguration;
			buildSettings = {
				ALWAYS_EMBED_SWIFT_STANDARD_LIBRARIES = YES;
				DEVELOPMENT_TEAM = 32GKXCFER2;
				INFOPLIST_FILE = 14erUITests/Info.plist;
				LD_RUNPATH_SEARCH_PATHS = "$(inherited) @executable_path/Frameworks @loader_path/Frameworks";
				PRODUCT_BUNDLE_IDENTIFIER = "com.nay.-4erUITests";
				PRODUCT_NAME = "$(TARGET_NAME)";
				SWIFT_VERSION = 3.0;
				TEST_TARGET_NAME = 14er;
			};
			name = Debug;
		};
		8CF7F5851DA6EA8E0021CDE6 /* Release */ = {
			isa = XCBuildConfiguration;
			buildSettings = {
				ALWAYS_EMBED_SWIFT_STANDARD_LIBRARIES = YES;
				DEVELOPMENT_TEAM = 32GKXCFER2;
				INFOPLIST_FILE = 14erUITests/Info.plist;
				LD_RUNPATH_SEARCH_PATHS = "$(inherited) @executable_path/Frameworks @loader_path/Frameworks";
				PRODUCT_BUNDLE_IDENTIFIER = "com.nay.-4erUITests";
				PRODUCT_NAME = "$(TARGET_NAME)";
				SWIFT_VERSION = 3.0;
				TEST_TARGET_NAME = 14er;
			};
			name = Release;
		};
/* End XCBuildConfiguration section */

/* Begin XCConfigurationList section */
		8CF7F54D1DA6EA8E0021CDE6 /* Build configuration list for PBXProject "14er" */ = {
			isa = XCConfigurationList;
			buildConfigurations = (
				8CF7F57B1DA6EA8E0021CDE6 /* Debug */,
				8CF7F57C1DA6EA8E0021CDE6 /* Release */,
			);
			defaultConfigurationIsVisible = 0;
			defaultConfigurationName = Release;
		};
		8CF7F57D1DA6EA8E0021CDE6 /* Build configuration list for PBXNativeTarget "14er" */ = {
			isa = XCConfigurationList;
			buildConfigurations = (
				8CF7F57E1DA6EA8E0021CDE6 /* Debug */,
				8CF7F57F1DA6EA8E0021CDE6 /* Release */,
			);
			defaultConfigurationIsVisible = 0;
			defaultConfigurationName = Release;
		};
		8CF7F5801DA6EA8E0021CDE6 /* Build configuration list for PBXNativeTarget "14erTests" */ = {
			isa = XCConfigurationList;
			buildConfigurations = (
				8CF7F5811DA6EA8E0021CDE6 /* Debug */,
				8CF7F5821DA6EA8E0021CDE6 /* Release */,
			);
			defaultConfigurationIsVisible = 0;
			defaultConfigurationName = Release;
		};
		8CF7F5831DA6EA8E0021CDE6 /* Build configuration list for PBXNativeTarget "14erUITests" */ = {
			isa = XCConfigurationList;
			buildConfigurations = (
				8CF7F5841DA6EA8E0021CDE6 /* Debug */,
				8CF7F5851DA6EA8E0021CDE6 /* Release */,
			);
			defaultConfigurationIsVisible = 0;
			defaultConfigurationName = Release;
		};
/* End XCConfigurationList section */

/* Begin XCVersionGroup section */
		8CF7F55C1DA6EA8E0021CDE6 /* _4er.xcdatamodeld */ = {
			isa = XCVersionGroup;
			children = (
				8CF7F55D1DA6EA8E0021CDE6 /* _4er.xcdatamodel */,
			);
			currentVersion = 8CF7F55D1DA6EA8E0021CDE6 /* _4er.xcdatamodel */;
			path = _4er.xcdatamodeld;
			sourceTree = "<group>";
			versionGroupType = wrapper.xcdatamodel;
		};
/* End XCVersionGroup section */
	};
	rootObject = 8CF7F54A1DA6EA8E0021CDE6 /* Project object */;
}
